
Microsoft Visual Studio Solution File, Format Version 12.00
# Visual Studio 15
VisualStudioVersion = 15.0.27130.2027
MinimumVisualStudioVersion = 10.0.40219.1
Project("{262852C6-CD72-467D-83FE-5EEB1973A190}") = "MemoryGame", "MemoryGame\MemoryGame.jsproj", "{E3BD8EA2-AF7B-4C68-840C-BBF5C8CFDCE2}"
EndProject
Global
	GlobalSection(SolutionConfigurationPlatforms) = preSolution
		Debug|Any CPU = Debug|Any CPU
		Debug|ARM = Debug|ARM
		Debug|x64 = Debug|x64
		Debug|x86 = Debug|x86
		Release|Any CPU = Release|Any CPU
		Release|ARM = Release|ARM
		Release|x64 = Release|x64
		Release|x86 = Release|x86
	EndGlobalSection
	GlobalSection(ProjectConfigurationPlatforms) = postSolution
		{E3BD8EA2-AF7B-4C68-840C-BBF5C8CFDCE2}.Debug|Any CPU.ActiveCfg = Debug|Any CPU
		{E3BD8EA2-AF7B-4C68-840C-BBF5C8CFDCE2}.Debug|Any CPU.Build.0 = Debug|Any CPU
		{E3BD8EA2-AF7B-4C68-840C-BBF5C8CFDCE2}.Debug|Any CPU.Deploy.0 = Debug|Any CPU
		{E3BD8EA2-AF7B-4C68-840C-BBF5C8CFDCE2}.Debug|ARM.ActiveCfg = Debug|ARM
		{E3BD8EA2-AF7B-4C68-840C-BBF5C8CFDCE2}.Debug|ARM.Build.0 = Debug|ARM
		{E3BD8EA2-AF7B-4C68-840C-BBF5C8CFDCE2}.Debug|ARM.Deploy.0 = Debug|ARM
		{E3BD8EA2-AF7B-4C68-840C-BBF5C8CFDCE2}.Debug|x64.ActiveCfg = Debug|x64
		{E3BD8EA2-AF7B-4C68-840C-BBF5C8CFDCE2}.Debug|x64.Build.0 = Debug|x64
		{E3BD8EA2-AF7B-4C68-840C-BBF5C8CFDCE2}.Debug|x64.Deploy.0 = Debug|x64
		{E3BD8EA2-AF7B-4C68-840C-BBF5C8CFDCE2}.Debug|x86.ActiveCfg = Debug|x86
		{E3BD8EA2-AF7B-4C68-840C-BBF5C8CFDCE2}.Debug|x86.Build.0 = Debug|x86
		{E3BD8EA2-AF7B-4C68-840C-BBF5C8CFDCE2}.Debug|x86.Deploy.0 = Debug|x86
		{E3BD8EA2-AF7B-4C68-840C-BBF5C8CFDCE2}.Release|Any CPU.ActiveCfg = Release|Any CPU
		{E3BD8EA2-AF7B-4C68-840C-BBF5C8CFDCE2}.Release|Any CPU.Build.0 = Release|Any CPU
		{E3BD8EA2-AF7B-4C68-840C-BBF5C8CFDCE2}.Release|Any CPU.Deploy.0 = Release|Any CPU
		{E3BD8EA2-AF7B-4C68-840C-BBF5C8CFDCE2}.Release|ARM.ActiveCfg = Release|ARM
		{E3BD8EA2-AF7B-4C68-840C-BBF5C8CFDCE2}.Release|ARM.Build.0 = Release|ARM
		{E3BD8EA2-AF7B-4C68-840C-BBF5C8CFDCE2}.Release|ARM.Deploy.0 = Release|ARM
		{E3BD8EA2-AF7B-4C68-840C-BBF5C8CFDCE2}.Release|x64.ActiveCfg = Release|x64
		{E3BD8EA2-AF7B-4C68-840C-BBF5C8CFDCE2}.Release|x64.Build.0 = Release|x64
		{E3BD8EA2-AF7B-4C68-840C-BBF5C8CFDCE2}.Release|x64.Deploy.0 = Release|x64
		{E3BD8EA2-AF7B-4C68-840C-BBF5C8CFDCE2}.Release|x86.ActiveCfg = Release|x86
		{E3BD8EA2-AF7B-4C68-840C-BBF5C8CFDCE2}.Release|x86.Build.0 = Release|x86
		{E3BD8EA2-AF7B-4C68-840C-BBF5C8CFDCE2}.Release|x86.Deploy.0 = Release|x86
	EndGlobalSection
	GlobalSection(SolutionProperties) = preSolution
		HideSolutionNode = FALSE
	EndGlobalSection
	GlobalSection(ExtensibilityGlobals) = postSolution
		SolutionGuid = {588222ED-5282-4EB8-A0B9-3E6C1C2BA417}
	EndGlobalSection
EndGlobal
